github.com/dmulholl/argo/v4 v4.0.0 h1:lssmNBCUxQUhM0C0foShfl368BrM+ZNT4Llso/zHUFc=
github.com/dmulholl/argo/v4 v4.0.0/go.mod h1:61u4Dnie0k0TvcH4vGMUNivHHVdRuq8+vfVHS8novok=
github.com/dmulholl/mp3lib v1.0.0 h1:PZq24kJBIk5zIxi/t6Qp8/EOAbAqThyrUCpkUKLBeWQ=
github.com/dmulholl/mp3lib v1.0.0/go.mod h1:4RoA+iht/khfwxmH1ieoxZTzYVbb0am/zdvFkyGRr6I=
golang.org/x/sys v0.17.0 h1:25cE3gD+tdBA7lp7QfhuV+rJiE9YXTcS3VG1SqssI/Y=
golang.org/x/sys v0.17.0/go.mod h1:/VUhepiaJMQUp4+oa/7Zr1D23ma6VTLIYjOOTFZPUcA=
golang.org/x/sys v0.35.0 h1:vz1N37gP5bs89s7He8XuIYXpyY0+QlsKmzipCbUtyxI=
golang.org/x/sys v0.35.0/go.mod h1:BJP2sWEmIv4KK5OTEluFJCKSidICx8ciO85XgH3Ak8k=
golang.org/x/term v0.17.0 h1:mkTF7LCd6WGJNL3K1Ad7kwxNfYAW6a8a8QqtMblp/4U=
golang.org/x/term v0.17.0/go.mod h1:lLRBjIVuehSbZlaOtGMbcMncT+aqLLLmKrsjNrUguwk=
golang.org/x/term v0.34.0 h1:O/2T7POpk0ZZ7MAzMeWFSg6S5IpWd/RXDlM9hgM3DR4=
golang.org/x/term v0.34.0/go.mod h1:5jC53AEywhIVebHgPVeg0mj8OD3VO9OzclacVrqpaAw=
