github.com/dmulholl/argo/v4 v4.0.0 h1:lssmNBCUxQUhM0C0foShfl368BrM+ZNT4Llso/zHUFc=
github.com/dmulholl/argo/v4 v4.0.0/go.mod h1:61u4Dnie0k0TvcH4vGMUNivHHVdRuq8+vfVHS8novok=
github.com/dmulholl/mp3lib v1.0.0 h1:PZq24kJBIk5zIxi/t6Qp8/EOAbAqThyrUCpkUKLBeWQ=
github.com/dmulholl/mp3lib v1.0.0/go.mod h1:4RoA+iht/khfwxmH1ieoxZTzYVbb0am/zdvFkyGRr6I=
golang.org/x/sys v0.41.0 h1:Ivj+2Cp/ylzLiEU89QhWblYnOE9zerudt9Ftecq2C6k=
golang.org/x/sys v0.41.0/go.mod h1:OgkHotnGiDImocRcuBABYBEXf8A9a87e/uXjp9XT3ks=
golang.org/x/sys v0.42.0 h1:omrd2nAlyT5ESRdCLYdm3+fMfNFE/+Rf4bDIQImRJeo=
golang.org/x/sys v0.42.0/go.mod h1:4GL1E5IUh+htKOUEOaiffhrAeqysfVGipDYzABqnCmw=
golang.org/x/term v0.40.0 h1:36e4zGLqU4yhjlmxEaagx2KuYbJq3EwY8K943ZsHcvg=
golang.org/x/term v0.40.0/go.mod h1:w2P8uVp06p2iyKKuvXIm7N/y0UCRt3UfJTfZ7oOpglM=
golang.org/x/term v0.41.0 h1:QCgPso/Q3RTJx2Th4bDLqML4W6iJiaXFq2/ftQF13YU=
golang.org/x/term v0.41.0/go.mod h1:3pfBgksrReYfZ5lvYM0kSO0LIkAl4Yl2bXOkKP7Ec2A=
